
Microsoft Visual Studio Solution File, Format Version 12.00
# Visual Studio Version 17
VisualStudioVersion = 17.8.34112.27
MinimumVisualStudioVersion = 10.0.40219.1
Project("{8BC9CEB8-8B4A-11D0-8D11-00A0C91BC942}") = "ex4", "ex4\ex4.vcxproj", "{4C72AD8C-746A-44B5-A70C-B5084B01653F}"
EndProject
Global
	GlobalSection(SolutionConfigurationPlatforms) = preSolution
		Debug|x64 = Debug|x64
		Debug|x86 = Debug|x86
		Release|x64 = Release|x64
		Release|x86 = Release|x86
	EndGlobalSection
	GlobalSection(ProjectConfigurationPlatforms) = postSolution
		{4C72AD8C-746A-44B5-A70C-B5084B01653F}.Debug|x64.ActiveCfg = Debug|x64
		{4C72AD8C-746A-44B5-A70C-B5084B01653F}.Debug|x64.Build.0 = Debug|x64
		{4C72AD8C-746A-44B5-A70C-B5084B01653F}.Debug|x86.ActiveCfg = Debug|Win32
		{4C72AD8C-746A-44B5-A70C-B5084B01653F}.Debug|x86.Build.0 = Debug|Win32
		{4C72AD8C-746A-44B5-A70C-B5084B01653F}.Release|x64.ActiveCfg = Release|x64
		{4C72AD8C-746A-44B5-A70C-B5084B01653F}.Release|x64.Build.0 = Release|x64
		{4C72AD8C-746A-44B5-A70C-B5084B01653F}.Release|x86.ActiveCfg = Release|Win32
		{4C72AD8C-746A-44B5-A70C-B5084B01653F}.Release|x86.Build.0 = Release|Win32
	EndGlobalSection
	GlobalSection(SolutionProperties) = preSolution
		HideSolutionNode = FALSE
	EndGlobalSection
	GlobalSection(ExtensibilityGlobals) = postSolution
		SolutionGuid = {83B0AECB-7481-4A89-8B6C-22CF13A14EB2}
	EndGlobalSection
EndGlobal
