
Microsoft Visual Studio Solution File, Format Version 12.00
# Visual Studio Version 17
VisualStudioVersion = 17.8.34112.27
MinimumVisualStudioVersion = 10.0.40219.1
Project("{8BC9CEB8-8B4A-11D0-8D11-00A0C91BC942}") = "ex14", "ex14\ex14.vcxproj", "{63E2711D-A73C-4811-965F-E7AFB9A5D425}"
EndProject
Global
	GlobalSection(SolutionConfigurationPlatforms) = preSolution
		Debug|x64 = Debug|x64
		Debug|x86 = Debug|x86
		Release|x64 = Release|x64
		Release|x86 = Release|x86
	EndGlobalSection
	GlobalSection(ProjectConfigurationPlatforms) = postSolution
		{63E2711D-A73C-4811-965F-E7AFB9A5D425}.Debug|x64.ActiveCfg = Debug|x64
		{63E2711D-A73C-4811-965F-E7AFB9A5D425}.Debug|x64.Build.0 = Debug|x64
		{63E2711D-A73C-4811-965F-E7AFB9A5D425}.Debug|x86.ActiveCfg = Debug|Win32
		{63E2711D-A73C-4811-965F-E7AFB9A5D425}.Debug|x86.Build.0 = Debug|Win32
		{63E2711D-A73C-4811-965F-E7AFB9A5D425}.Release|x64.ActiveCfg = Release|x64
		{63E2711D-A73C-4811-965F-E7AFB9A5D425}.Release|x64.Build.0 = Release|x64
		{63E2711D-A73C-4811-965F-E7AFB9A5D425}.Release|x86.ActiveCfg = Release|Win32
		{63E2711D-A73C-4811-965F-E7AFB9A5D425}.Release|x86.Build.0 = Release|Win32
	EndGlobalSection
	GlobalSection(SolutionProperties) = preSolution
		HideSolutionNode = FALSE
	EndGlobalSection
	GlobalSection(ExtensibilityGlobals) = postSolution
		SolutionGuid = {27998EFB-328E-4F22-8E5D-C32A8A872E98}
	EndGlobalSection
EndGlobal
